github.com/davecgh/go-spew v1.1.0 h1:ZDRjVQ15GmhC3fiQ8ni8+OwkZQO4DARzQgrnXU1Liz8=
github.com/davecgh/go-spew v1.1.0/go.mod h1:J7Y8YcW2NihsgmVo/mv3lAwl/skON4iLHjSsI+c5H38=
github.com/joelrahman/genny v0.0.0-20180416015104-f4eefc703fa9 h1:gpC3LZQaxwi1hBcoVOZj/jkZvvL1dyR+eTkFscJLUfs=
github.com/joelrahman/genny v0.0.0-20180416015104-f4eefc703fa9/go.mod h1:haLHhzU8Z7IZABiGAUctoIzLuh/6XjjMKtJ+zXVI2rE=
github.com/joelrahman/genny v0.0.0-20190824200022-5487f4656b65 h1:9rcuTN2o8X9F0gtCX20JVyK+ul6YBE6bEqKjr7mQZik=
github.com/joelrahman/genny v0.0.0-20190824200022-5487f4656b65/go.mod h1:haLHhzU8Z7IZABiGAUctoIzLuh/6XjjMKtJ+zXVI2rE=
github.com/joelrahman/genny v0.0.0-20190824203634-cd396cb79b8d h1:frHzDBXlKqVqv6J7zEroSdOoZ5S0yKi8vgHaVtz6HhA=
github.com/joelrahman/genny v0.0.0-20190824203634-cd396cb79b8d/go.mod h1:haLHhzU8Z7IZABiGAUctoIzLuh/6XjjMKtJ+zXVI2rE=
github.com/joelrahman/genny v0.0.0-20190824203905-8e44d6b92033 h1:wdiOxbeahbZU3FqVlEPehmj57t6SWNMA2fMH2WKriOw=
github.com/joelrahman/genny v0.0.0-20190824203905-8e44d6b92033/go.mod h1:haLHhzU8Z7IZABiGAUctoIzLuh/6XjjMKtJ+zXVI2rE=
github.com/pmezard/go-difflib v1.0.0 h1:4DBwDE0NGyQoBHbLQYPwSUPoCMWR5BEzIk/f1lZbAQM=
github.com/pmezard/go-difflib v1.0.0/go.mod h1:iKH77koFhYxTK1pcRnkKkqfTogsbg7gZNVY4sRDYZ/4=
github.com/stretchr/objx v0.1.0/go.mod h1:HFkY916IF+rwdDfMAkV7OtwuqBVzrE8GR6GFx+wExME=
github.com/stretchr/testify v1.4.0 h1:2E4SXV/wtOkTonXsotYi4li6zVWxYlZuYNCXe9XRJyk=
github.com/stretchr/testify v1.4.0/go.mod h1:j7eGeouHqKxXV5pUuKE4zz7dFj8WfuZ+81PSLYec5m4=
golang.org/x/crypto v0.0.0-20190308221718-c2843e01d9a2/go.mod h1:djNgcEr1/C05ACkg1iLfiJU5Ep61QUkGW8qpdssI0+w=
golang.org/x/net v0.0.0-20190620200207-3b0461eec859/go.mod h1:z5CRVTTTmAJ677TzLLGU+0bjPO0LkuOLi4/5GtJWs/s=
golang.org/x/sync v0.0.0-20190423024810-112230192c58/go.mod h1:RxMgew5VJxzue5/jJTE5uejpjVlOe/izrB70Jof72aM=
golang.org/x/sys v0.0.0-20190215142949-d0b11bdaac8a/go.mod h1:STP8DvDyc/dI5b8T5hshtkjS+E42TnysNCUPdjciGhY=
golang.org/x/text v0.3.0/go.mod h1:NqM8EUOU14njkJ3fqMW+pc6Ldnwhi/IjpwHt7yyuwOQ=
golang.org/x/tools v0.0.0-20190823170909-c4a336ef6a2f h1:ESK9Jb5JOE+y4u+ozMQeXfMHwEHm6zVbaDQkeaj6wI4=
golang.org/x/tools v0.0.0-20190823170909-c4a336ef6a2f/go.mod h1:b+2E5dAYhXwXZwtnZ6UAqBI28+e2cm9otk0dWdXHAEo=
golang.org/x/xerrors v0.0.0-20190717185122-a985d3407aa7/go.mod h1:I/5z698sn9Ka8TeJc9MKroUUfqBBauWjQqLJ2OPfmY0=
gonum.org/v1/hdf5 v0.0.0-20190516085527-847297cb569e h1:dht5fMnDR7CJ6X47NEq4UY22LokoIB/vElm/OrrnSqI=
gonum.org/v1/hdf5 v0.0.0-20190516085527-847297cb569e/go.mod h1:g+PDU5ogjIKcc3Cg4ALAK7X4c8bBQvPzPKWNW5NB7I0=
gopkg.in/check.v1 v0.0.0-20161208181325-20d25e280405 h1:yhCVgyC4o1eVCa2tZl7eS0r+SDo693bJlVdllGtEeKM=
gopkg.in/check.v1 v0.0.0-20161208181325-20d25e280405/go.mod h1:Co6ibVJAznAaIkqp8huTwlJQCZ016jof/cbN4VW5Yz0=
gopkg.in/yaml.v2 v2.2.2 h1:ZCJp+EgiOT7lHqUV2J862kp8Qj64Jo6az82+3Td9dZw=
gopkg.in/yaml.v2 v2.2.2/go.mod h1:hI93XBmqTisBFMUTm0b8Fm+jr3Dg1NNxqwp+5A1VGuI=
